{
  "name": "@daonomic/sale",
  "version": "0.1.37",
  "lockfileVersion": 1,
  "requires": true,
  "dependencies": {
    "@daonomic/interfaces": {
      "version": "0.1.9",
      "resolved": "https://registry.npmjs.org/@daonomic/interfaces/-/interfaces-0.1.9.tgz",
      "integrity": "sha512-oI9Kd2R0s4PQcoYaWhDfR1VAhJ/kk8zFY5cDIKCiBVHIJcTVLCYd7sVC1GIN6ESItb2D2Nc/PRBOGnJkfSd7QA=="
    },
    "@daonomic/tests-common": {
      "version": "0.1.2",
      "resolved": "https://registry.npmjs.org/@daonomic/tests-common/-/tests-common-0.1.2.tgz",
      "integrity": "sha512-wyrqT97jqzQS2wOzx2KtJNysdRuFanKheNR2f/XTi/0fjBiAHiPfvZQXT3f/CJYcndVZO33GCWc/p0CZjmGnqA==",
      "dev": true
    },
    "@daonomic/tokens": {
      "version": "0.1.16",
      "resolved": "https://registry.npmjs.org/@daonomic/tokens/-/tokens-0.1.16.tgz",
      "integrity": "sha512-fsmmAlZ82ifN3SXtu2sgEG1es3K6OCh3I3ehZ0i989lxjBy9Gf3VsrXIOIfo6uDdHi3KiIXXPFzwE4yLGoXFMQ==",
      "dev": true,
      "requires": {
        "@daonomic/interfaces": "~0.1",
        "@daonomic/util": "~0.1"
      }
    },
    "@daonomic/util": {
      "version": "0.1.7",
      "resolved": "https://registry.npmjs.org/@daonomic/util/-/util-0.1.7.tgz",
      "integrity": "sha512-LlHcFHaT2fVJY3j0JdaHgXyOwEArUyGh0NlOexfjfsydsv0/VBNeDx8uA32jaf6O04b87gtH3q8joTEHyL2psQ=="
    }
  }
}
