{
  "name": "@daonomic/sale",
  "version": "0.1.0-beta",
  "lockfileVersion": 1,
  "requires": true,
  "dependencies": {
    "@daonomic/interfaces": {
      "version": "0.1.1",
      "resolved": "https://registry.npmjs.org/@daonomic/interfaces/-/interfaces-0.1.1.tgz",
      "integrity": "sha512-pRlEvcLC7xuuZ9vg72yBrzpJYVoYDgafkTt3j1fjKz2bkelX094wGJ7MQIHxKXjoT1t+t7Sjx87A9hm44RImtw=="
    },
    "@daonomic/receivers": {
      "version": "0.1.1",
      "resolved": "https://registry.npmjs.org/@daonomic/receivers/-/receivers-0.1.1.tgz",
      "integrity": "sha512-BME/6iqK5BKc0gk5B8R7I+2KNTIDHTpVCccwKkrUA9iOsEMV+Z8Fy58kZZSDU26TAnlYDUkHA5TkSGw9YpWngw==",
      "requires": {
        "@daonomic/interfaces": "0.1.1"
      }
    },
    "@daonomic/tests-common": {
      "version": "0.1.0",
      "resolved": "https://registry.npmjs.org/@daonomic/tests-common/-/tests-common-0.1.0.tgz",
      "integrity": "sha512-WqFpVhuh4dr71O2KXIlNvPqV02lA+Nb0TjsuE/zLBBEIFmkrPa1KlMAd35dW4B/4paNwDc6cffwwrfmFeKvcpQ==",
      "dev": true
    },
    "@daonomic/tokens": {
      "version": "0.1.1",
      "resolved": "https://registry.npmjs.org/@daonomic/tokens/-/tokens-0.1.1.tgz",
      "integrity": "sha512-B9xUfX8osjVLx4L+s88ddxHQklOu+ip2mleqlOZQfUaxmOt8nRbHZ8t90r7se6Xp+ka9g3TTyHlToZEsGmeQDw==",
      "dev": true,
      "requires": {
        "@daonomic/interfaces": "0.1.1",
        "@daonomic/util": "0.1.0"
      }
    },
    "@daonomic/util": {
      "version": "0.1.0",
      "resolved": "https://registry.npmjs.org/@daonomic/util/-/util-0.1.0.tgz",
      "integrity": "sha512-zet8820d28fJwbhf0BOH5OiQzCXCsjNAuvD41AzzcHDpd4J0X/0m2Lhc1NACiIklUUbnSLGvkgoqHzWk0weoiQ=="
    }
  }
}
