{
  "name": "daonomic-sale",
  "version": "0.0.1",
  "lockfileVersion": 1,
  "requires": true,
  "dependencies": {
    "daonomic-interfaces": {
      "version": "0.0.1",
      "resolved": "https://registry.npmjs.org/daonomic-interfaces/-/daonomic-interfaces-0.0.1.tgz",
      "integrity": "sha512-OMIId1AObrBwQpw/dimi4QqkBSsY/dMDwt+tmF5KHA6a+v4XZgo/kSDlfMResswFSuEwOrM9gwOJRL4CLU7FKg=="
    },
    "daonomic-receivers": {
      "version": "0.0.5",
      "resolved": "https://registry.npmjs.org/daonomic-receivers/-/daonomic-receivers-0.0.5.tgz",
      "integrity": "sha512-hXLa2QHzGqkVQiNqyi630kIvfRfwVTndC5WRCAO9CylNzRUdaPXlvzpLF2zlNpQ2dwmu/npkeEgD3QnOzvE67A==",
      "requires": {
        "daonomic-interfaces": "0.0.1"
      }
    },
    "daonomic-tests": {
      "version": "0.0.3",
      "resolved": "https://registry.npmjs.org/daonomic-tests/-/daonomic-tests-0.0.3.tgz",
      "integrity": "sha512-Frco3BoBFFYWw90QfqLTztJ6b3os7T+AMRQ/Jk/IEprQ6E7Y9GBkTe0f/nukGD6pFqkm3bNZsQ2cbzUV35jb3A==",
      "dev": true
    },
    "daonomic-upgradeable": {
      "version": "0.0.1",
      "resolved": "https://registry.npmjs.org/daonomic-upgradeable/-/daonomic-upgradeable-0.0.1.tgz",
      "integrity": "sha512-jR3EjbLJ4g6DFocnEMGiouhmNjAusLTmDtIvS2gSdDOP9TvmZh4PvYedYzB/r0kxTBykGnEcLZQi+sCH5d78vw==",
      "dev": true
    },
    "daonomic-util": {
      "version": "0.0.2",
      "resolved": "https://registry.npmjs.org/daonomic-util/-/daonomic-util-0.0.2.tgz",
      "integrity": "sha512-sc3RsnHWo7CVv5znL80WbjFqsKtlo9ZkzJu/dcbNdDjt+1dtwO4t+WNFPy7ITK/skLquwW2H/Wtv9jF8QGy4AA=="
    },
    "daox-tokens": {
      "version": "0.0.3",
      "resolved": "https://registry.npmjs.org/daox-tokens/-/daox-tokens-0.0.3.tgz",
      "integrity": "sha512-63zL+92LIHMgNywdZi0refFLEH9yvwyzDRwwwudJj3g6tbpq/vn/Ot6wVjVlRtSkysEOSdjRethwSbfhJISrkQ==",
      "dev": true,
      "requires": {
        "daonomic-interfaces": "0.0.1",
        "daonomic-upgradeable": "0.0.1",
        "daonomic-util": "0.0.2"
      }
    }
  }
}
